
Microsoft Visual Studio Solution File, Format Version 12.00
# Visual Studio Version 17
VisualStudioVersion = 17.5.002.0
MinimumVisualStudioVersion = 10.0.40219.1
Project("{2150E333-8FDC-42A3-9474-1A3956D46DE8}") = "introducao-ao-c#", "introducao-ao-c#", "{39D0AAF3-0AD0-4DE0-AA25-BCAB98FA6E72}"
EndProject
Project("{FAE04EC0-301F-11D3-BF4B-00C04F79EFBC}") = "classeBaisca", "introducao-ao-c#\classeBaisca\classeBaisca.csproj", "{85FA0C35-AFCE-427C-BBC6-12C5104B720E}"
EndProject
Project("{FAE04EC0-301F-11D3-BF4B-00C04F79EFBC}") = "Datas", "introducao-ao-c#\datas\Datas.csproj", "{3D057F3F-6161-415C-BFD6-3A2A3D0379C1}"
EndProject
Project("{FAE04EC0-301F-11D3-BF4B-00C04F79EFBC}") = "variaveis", "introducao-ao-c#\variaveis\variaveis.csproj", "{9D4539ED-D67B-4DE5-A31A-DFFE96B7B5A7}"
EndProject
Project("{2150E333-8FDC-42A3-9474-1A3956D46DE8}") = "operadores-de-atribuicao", "operadores-de-atribuicao", "{44245836-CD18-43D7-8176-A08E03C58DB2}"
EndProject
Project("{FAE04EC0-301F-11D3-BF4B-00C04F79EFBC}") = "converter-tipos", "introducao-ao-c#\operadores-de-atribuicao\converter-tipos\converter-tipos.csproj", "{C6A92DB7-2502-4244-AF67-36B78C9F2E6C}"
EndProject
Project("{FAE04EC0-301F-11D3-BF4B-00C04F79EFBC}") = "cast-implicito", "introducao-ao-c#\operadores-de-atribuicao\cast-implicito\cast-implicito.csproj", "{B12C51BD-DFF2-4B4E-B7B7-31A253397583}"
EndProject
Global
	GlobalSection(SolutionConfigurationPlatforms) = preSolution
		Debug|Any CPU = Debug|Any CPU
		Release|Any CPU = Release|Any CPU
	EndGlobalSection
	GlobalSection(ProjectConfigurationPlatforms) = postSolution
		{85FA0C35-AFCE-427C-BBC6-12C5104B720E}.Debug|Any CPU.ActiveCfg = Debug|Any CPU
		{85FA0C35-AFCE-427C-BBC6-12C5104B720E}.Debug|Any CPU.Build.0 = Debug|Any CPU
		{85FA0C35-AFCE-427C-BBC6-12C5104B720E}.Release|Any CPU.ActiveCfg = Release|Any CPU
		{85FA0C35-AFCE-427C-BBC6-12C5104B720E}.Release|Any CPU.Build.0 = Release|Any CPU
		{3D057F3F-6161-415C-BFD6-3A2A3D0379C1}.Debug|Any CPU.ActiveCfg = Debug|Any CPU
		{3D057F3F-6161-415C-BFD6-3A2A3D0379C1}.Debug|Any CPU.Build.0 = Debug|Any CPU
		{3D057F3F-6161-415C-BFD6-3A2A3D0379C1}.Release|Any CPU.ActiveCfg = Release|Any CPU
		{3D057F3F-6161-415C-BFD6-3A2A3D0379C1}.Release|Any CPU.Build.0 = Release|Any CPU
		{9D4539ED-D67B-4DE5-A31A-DFFE96B7B5A7}.Debug|Any CPU.ActiveCfg = Debug|Any CPU
		{9D4539ED-D67B-4DE5-A31A-DFFE96B7B5A7}.Debug|Any CPU.Build.0 = Debug|Any CPU
		{9D4539ED-D67B-4DE5-A31A-DFFE96B7B5A7}.Release|Any CPU.ActiveCfg = Release|Any CPU
		{9D4539ED-D67B-4DE5-A31A-DFFE96B7B5A7}.Release|Any CPU.Build.0 = Release|Any CPU
		{C6A92DB7-2502-4244-AF67-36B78C9F2E6C}.Debug|Any CPU.ActiveCfg = Debug|Any CPU
		{C6A92DB7-2502-4244-AF67-36B78C9F2E6C}.Debug|Any CPU.Build.0 = Debug|Any CPU
		{C6A92DB7-2502-4244-AF67-36B78C9F2E6C}.Release|Any CPU.ActiveCfg = Release|Any CPU
		{C6A92DB7-2502-4244-AF67-36B78C9F2E6C}.Release|Any CPU.Build.0 = Release|Any CPU
		{B12C51BD-DFF2-4B4E-B7B7-31A253397583}.Debug|Any CPU.ActiveCfg = Debug|Any CPU
		{B12C51BD-DFF2-4B4E-B7B7-31A253397583}.Debug|Any CPU.Build.0 = Debug|Any CPU
		{B12C51BD-DFF2-4B4E-B7B7-31A253397583}.Release|Any CPU.ActiveCfg = Release|Any CPU
		{B12C51BD-DFF2-4B4E-B7B7-31A253397583}.Release|Any CPU.Build.0 = Release|Any CPU
	EndGlobalSection
	GlobalSection(SolutionProperties) = preSolution
		HideSolutionNode = FALSE
	EndGlobalSection
	GlobalSection(NestedProjects) = preSolution
		{85FA0C35-AFCE-427C-BBC6-12C5104B720E} = {39D0AAF3-0AD0-4DE0-AA25-BCAB98FA6E72}
		{3D057F3F-6161-415C-BFD6-3A2A3D0379C1} = {39D0AAF3-0AD0-4DE0-AA25-BCAB98FA6E72}
		{9D4539ED-D67B-4DE5-A31A-DFFE96B7B5A7} = {39D0AAF3-0AD0-4DE0-AA25-BCAB98FA6E72}
		{44245836-CD18-43D7-8176-A08E03C58DB2} = {39D0AAF3-0AD0-4DE0-AA25-BCAB98FA6E72}
		{C6A92DB7-2502-4244-AF67-36B78C9F2E6C} = {44245836-CD18-43D7-8176-A08E03C58DB2}
		{B12C51BD-DFF2-4B4E-B7B7-31A253397583} = {44245836-CD18-43D7-8176-A08E03C58DB2}
	EndGlobalSection
	GlobalSection(ExtensibilityGlobals) = postSolution
		SolutionGuid = {10281622-A4B6-48DD-8257-448D12398510}
	EndGlobalSection
EndGlobal
